
Microsoft Visual Studio Solution File, Format Version 11.00
# Visual Studio 2010
Project("{FAE04EC0-301F-11D3-BF4B-00C04F79EFBC}") = "XapNote", "XapNote\XapNote.csproj", "{78F99BB8-1440-4AA7-BA0A-7E0C7B7425DD}"
EndProject
Global
	GlobalSection(SolutionConfigurationPlatforms) = preSolution
		Debug|Any CPU = Debug|Any CPU
		Release|Any CPU = Release|Any CPU
	EndGlobalSection
	GlobalSection(ProjectConfigurationPlatforms) = postSolution
		{78F99BB8-1440-4AA7-BA0A-7E0C7B7425DD}.Debug|Any CPU.ActiveCfg = Debug|Any CPU
		{78F99BB8-1440-4AA7-BA0A-7E0C7B7425DD}.Debug|Any CPU.Build.0 = Debug|Any CPU
		{78F99BB8-1440-4AA7-BA0A-7E0C7B7425DD}.Debug|Any CPU.Deploy.0 = Debug|Any CPU
		{78F99BB8-1440-4AA7-BA0A-7E0C7B7425DD}.Release|Any CPU.ActiveCfg = Release|Any CPU
		{78F99BB8-1440-4AA7-BA0A-7E0C7B7425DD}.Release|Any CPU.Build.0 = Release|Any CPU
		{78F99BB8-1440-4AA7-BA0A-7E0C7B7425DD}.Release|Any CPU.Deploy.0 = Release|Any CPU
	EndGlobalSection
	GlobalSection(SolutionProperties) = preSolution
		HideSolutionNode = FALSE
	EndGlobalSection
EndGlobal
